{
  "version": 4,
  "terraform_version": "0.13.4",
  "serial": 11,
  "lineage": "0858e05c-475e-fc0a-ecc2-b359776c5480",
  "outputs": {},
  "resources": [
    {
      "mode": "managed",
      "type": "google_compute_instance",
      "name": "default",
      "provider": "provider[\"registry.terraform.io/hashicorp/google\"]",
      "instances": [
        {
          "schema_version": 6,
          "attributes": {
            "allow_stopping_for_update": null,
            "attached_disk": [],
            "boot_disk": [
              {
                "auto_delete": true,
                "device_name": "persistent-disk-0",
                "disk_encryption_key_raw": "",
                "disk_encryption_key_sha256": "",
                "initialize_params": [
                  {
                    "image": "https://www.googleapis.com/compute/v1/projects/debian-cloud/global/images/debian-9-stretch-v20210122",
                    "labels": {},
                    "size": 10,
                    "type": "pd-standard"
                  }
                ],
                "kms_key_self_link": "",
                "mode": "READ_WRITE",
                "source": "https://www.googleapis.com/compute/v1/projects/devops-230818/zones/us-east4-a/disks/terraformdemo"
              }
            ],
            "can_ip_forward": false,
            "confidential_instance_config": [],
            "cpu_platform": "Intel Broadwell",
            "current_status": "RUNNING",
            "deletion_protection": false,
            "description": "",
            "desired_status": null,
            "enable_display": false,
            "guest_accelerator": [],
            "hostname": "",
            "id": "projects/devops-230818/zones/us-east4-a/instances/terraformdemo",
            "instance_id": "6324082142441742985",
            "label_fingerprint": "42WmSpB8rSM=",
            "labels": null,
            "machine_type": "e2-medium",
            "metadata": {
              "foo": "pradip"
            },
            "metadata_fingerprint": "nSP1Nrk9yzk=",
            "metadata_startup_script": "echo Hello from TerraformDemo!! \u003e /test.txt",
            "min_cpu_platform": "",
            "name": "terraformdemo",
            "network_interface": [
              {
                "access_config": [
                  {
                    "nat_ip": "34.86.168.41",
                    "network_tier": "PREMIUM",
                    "public_ptr_domain_name": ""
                  }
                ],
                "alias_ip_range": [],
                "name": "nic0",
                "network": "https://www.googleapis.com/compute/v1/projects/devops-230818/global/networks/default",
                "network_ip": "10.150.0.4",
                "subnetwork": "https://www.googleapis.com/compute/v1/projects/devops-230818/regions/us-east4/subnetworks/default",
                "subnetwork_project": "devops-230818"
              }
            ],
            "project": "devops-230818",
            "resource_policies": null,
            "scheduling": [
              {
                "automatic_restart": true,
                "node_affinities": [],
                "on_host_maintenance": "MIGRATE",
                "preemptible": false
              }
            ],
            "scratch_disk": [],
            "self_link": "https://www.googleapis.com/compute/v1/projects/devops-230818/zones/us-east4-a/instances/terraformdemo",
            "service_account": [],
            "shielded_instance_config": [],
            "tags": [
              "pradip",
              "rose"
            ],
            "tags_fingerprint": "JBYAeZChdx8=",
            "timeouts": null,
            "zone": "us-east4-a"
          },
          "private": "eyJlMmJmYjczMC1lY2FhLTExZTYtOGY4OC0zNDM2M2JjN2M0YzAiOnsiY3JlYXRlIjoxMjAwMDAwMDAwMDAwLCJkZWxldGUiOjEyMDAwMDAwMDAwMDAsInVwZGF0ZSI6MTIwMDAwMDAwMDAwMH0sInNjaGVtYV92ZXJzaW9uIjoiNiJ9"
        }
      ]
    }
  ]
}
