{
  "version": 4,
  "terraform_version": "0.13.4",
  "serial": 74,
  "lineage": "a3359037-d771-b4c0-87e8-0156719e1c96",
  "outputs": {
    "password": {
      "value": "wcBMAxdehwp9dgKtAQgAc+hDr5+ImsIae0BIw7g47bVtlSCQ3fvYgKpf3Um1KCmModcF/MUF5xk1D5ercIHCcZ7pTDxU70Nn6+ICBk0tlGvMuwF/STY0z4wTS7zgKzdfFElI0ZhTZ0NQKGOlyRyK5m44WQK5ZqyvdiGK/vEZuKgR2ty81WJa09y14s7SbkFL+cED+s6Tb82TAl6VLTo6gqZ7G3ntFmSLgs86RiyRMT2AfNyPHimV2iNXlgVmQtaj8KJdgzeh2Bm6CB0lZRryA2YCdrNvEkrTvACa4SEzt/4AvKt5wDnWUwaKJC2kJRelD9dxGvvX24f0v/XYxF8fMY/qz2i9yZnzXQS/t0GLs9LgAeSnIsBP1fQFfmAMO6b2JKd14UyH4Fvgj+Hzj+BU4lXUPVvgpuQ2NT6jRr23PmIBfZ9Gq+If4BPiGwIiPeCF5IzRhMK6SeMEed+tEV/7VCri1orKyuE3XgA=",
      "type": "string"
    }
  },
  "resources": [
    {
      "mode": "managed",
      "type": "aws_iam_user",
      "name": "OWASPDemo",
      "provider": "provider[\"registry.terraform.io/hashicorp/aws\"]",
      "instances": [
        {
          "schema_version": 0,
          "attributes": {
            "arn": "arn:aws:iam::658308013406:user/OWASP",
            "force_destroy": true,
            "id": "OWASP",
            "name": "OWASP",
            "path": "/",
            "permissions_boundary": null,
            "tags": {},
            "unique_id": "AIDAZSRRXDVPDV3OPA5UI"
          },
          "private": "bnVsbA=="
        }
      ]
    },
    {
      "mode": "managed",
      "type": "aws_iam_user_login_profile",
      "name": "OWASPDemo",
      "provider": "provider[\"registry.terraform.io/hashicorp/aws\"]",
      "instances": [
        {
          "schema_version": 0,
          "attributes": {
            "encrypted_password": "wcBMAxdehwp9dgKtAQgAc+hDr5+ImsIae0BIw7g47bVtlSCQ3fvYgKpf3Um1KCmModcF/MUF5xk1D5ercIHCcZ7pTDxU70Nn6+ICBk0tlGvMuwF/STY0z4wTS7zgKzdfFElI0ZhTZ0NQKGOlyRyK5m44WQK5ZqyvdiGK/vEZuKgR2ty81WJa09y14s7SbkFL+cED+s6Tb82TAl6VLTo6gqZ7G3ntFmSLgs86RiyRMT2AfNyPHimV2iNXlgVmQtaj8KJdgzeh2Bm6CB0lZRryA2YCdrNvEkrTvACa4SEzt/4AvKt5wDnWUwaKJC2kJRelD9dxGvvX24f0v/XYxF8fMY/qz2i9yZnzXQS/t0GLs9LgAeSnIsBP1fQFfmAMO6b2JKd14UyH4Fvgj+Hzj+BU4lXUPVvgpuQ2NT6jRr23PmIBfZ9Gq+If4BPiGwIiPeCF5IzRhMK6SeMEed+tEV/7VCri1orKyuE3XgA=",
            "id": "OWASP",
            "key_fingerprint": "6089e9dbba602bce82d2353c6e5291bc02d18df2",
            "password_length": 20,
            "password_reset_required": true,
            "pgp_key": "keybase:terraform",
            "user": "OWASP"
          },
          "private": "bnVsbA==",
          "dependencies": [
            "aws_iam_user.OWASPDemo"
          ]
        }
      ]
    },
    {
      "mode": "managed",
      "type": "aws_instance",
      "name": "terraDemo",
      "provider": "provider[\"registry.terraform.io/hashicorp/aws\"]",
      "instances": [
        {
          "schema_version": 1,
          "attributes": {
            "ami": "ami-04bf6dcdc9ab498ca",
            "arn": "arn:aws:ec2:us-east-1:658308013406:instance/i-0aa25f19e474a5619",
            "associate_public_ip_address": true,
            "availability_zone": "us-east-1e",
            "cpu_core_count": 1,
            "cpu_threads_per_core": 1,
            "credit_specification": [
              {
                "cpu_credits": "standard"
              }
            ],
            "disable_api_termination": false,
            "ebs_block_device": [],
            "ebs_optimized": false,
            "enclave_options": [
              {
                "enabled": false
              }
            ],
            "ephemeral_block_device": [],
            "get_password_data": false,
            "hibernation": false,
            "host_id": null,
            "iam_instance_profile": "",
            "id": "i-0aa25f19e474a5619",
            "instance_initiated_shutdown_behavior": null,
            "instance_state": "running",
            "instance_type": "t2.micro",
            "ipv6_address_count": 0,
            "ipv6_addresses": [],
            "key_name": "terraDemokey",
            "metadata_options": [
              {
                "http_endpoint": "enabled",
                "http_put_response_hop_limit": 1,
                "http_tokens": "optional"
              }
            ],
            "monitoring": false,
            "network_interface": [],
            "outpost_arn": "",
            "password_data": "",
            "placement_group": "",
            "primary_network_interface_id": "eni-08d3db4b8948abb1f",
            "private_dns": "ip-172-31-49-180.ec2.internal",
            "private_ip": "172.31.49.180",
            "public_dns": "ec2-34-229-186-162.compute-1.amazonaws.com",
            "public_ip": "34.229.186.162",
            "root_block_device": [
              {
                "delete_on_termination": true,
                "device_name": "/dev/xvda",
                "encrypted": false,
                "iops": 100,
                "kms_key_id": "",
                "tags": {},
                "throughput": 0,
                "volume_id": "vol-026929d099b5733bc",
                "volume_size": 8,
                "volume_type": "gp2"
              }
            ],
            "secondary_private_ips": [],
            "security_groups": [
              "terraform-demo-instance"
            ],
            "source_dest_check": true,
            "subnet_id": "subnet-67bb945b",
            "tags": {
              "Environment": "dev",
              "Name": "OWASP South Florida Chapter",
              "Terraform": "true"
            },
            "tenancy": "default",
            "timeouts": null,
            "user_data": null,
            "user_data_base64": null,
            "volume_tags": null,
            "vpc_security_group_ids": [
              "sg-055b78c2ac14a9832"
            ]
          },
          "private": "eyJlMmJmYjczMC1lY2FhLTExZTYtOGY4OC0zNDM2M2JjN2M0YzAiOnsiY3JlYXRlIjo2MDAwMDAwMDAwMDAsImRlbGV0ZSI6MTIwMDAwMDAwMDAwMCwidXBkYXRlIjo2MDAwMDAwMDAwMDB9LCJzY2hlbWFfdmVyc2lvbiI6IjEifQ==",
          "dependencies": [
            "aws_key_pair.terraDemo",
            "aws_security_group.instance",
            "tls_private_key.mykey"
          ]
        }
      ]
    },
    {
      "mode": "managed",
      "type": "aws_key_pair",
      "name": "terraDemo",
      "provider": "provider[\"registry.terraform.io/hashicorp/aws\"]",
      "instances": [
        {
          "schema_version": 1,
          "attributes": {
            "arn": "arn:aws:ec2:us-east-1:658308013406:key-pair/terraDemokey",
            "fingerprint": "65:6e:c7:68:b5:e0:82:1c:6f:90:bc:0e:a0:b5:aa:ac",
            "id": "terraDemokey",
            "key_name": "terraDemokey",
            "key_name_prefix": null,
            "key_pair_id": "key-07ff7ae6578b595cc",
            "public_key": "ssh-rsa AAAAB3NzaC1yc2EAAAADAQABAAACAQDFCNJe0wCvYHMi/ynHd6eQUE+5/Vl3hUANY794JNVOphMjPHbvhoMy3D9mQWmEjgib3Hk0omctaLBOFFTcaEpsg1AsdHSZf742R0A+0GxELbFqjf3AtARz5DfKhIBHmXfwNuy3PQJVF90h+C2jDO6tPmAYk9lpfJu9pK8gppZOip0bSBWNMEwUSQ140WHE77sgAF3EO+Yb+njqSpjF8eQPzJwuhauJ0tsFKoRMWGwdPFfTc08OITJgdkb7BwW0g3nqdZmuxxWsH+Bs4L0D6YuCJjwLlARnAyaRH9Fz2R6yUFljYYfdgJNFKngdg4xsYMikF+OWPqnkF3rwkTkfjhupl1BEq1ekWR/W5h+LJBgmN3y8n5yarVeN3yt4iyh8vFgHHebVmO3ra2ue04YVfKdt9DjYzYuDFJc1N6lYjKrLHgrpz9f2kEN9bFPTlD0fUfSKHgAPXEBjC/QZ4szolMmClycM9bJ6IEb0cWi7rBur+9OUG00QUUfanLDwwHCtYQOTmVmNXktSKsO/APejTyUcsJXYmT9as5zObKBJypVLmXcdKmmKL6JpUulBUBCsWJNDjxHKfPgtldGvsDFzzQr+/01jVj0nmS+ZtkzT8V2y4B27L95EpalMKCrNk2XReS16EOVxkBklAr4zKCOli0fd1lzNmUT1Pfk+psT7X2Uo4Q==",
            "tags": {}
          },
          "private": "eyJzY2hlbWFfdmVyc2lvbiI6IjEifQ==",
          "dependencies": [
            "tls_private_key.mykey"
          ]
        }
      ]
    },
    {
      "mode": "managed",
      "type": "aws_s3_bucket",
      "name": "DemoBucket",
      "provider": "provider[\"registry.terraform.io/hashicorp/aws\"]",
      "instances": [
        {
          "schema_version": 0,
          "attributes": {
            "acceleration_status": "",
            "acl": "private",
            "arn": "arn:aws:s3:::owasp-south-florida-chapter",
            "bucket": "owasp-south-florida-chapter",
            "bucket_domain_name": "owasp-south-florida-chapter.s3.amazonaws.com",
            "bucket_prefix": null,
            "bucket_regional_domain_name": "owasp-south-florida-chapter.s3.amazonaws.com",
            "cors_rule": [],
            "force_destroy": false,
            "grant": [],
            "hosted_zone_id": "Z3AQBSTGFYJSTF",
            "id": "owasp-south-florida-chapter",
            "lifecycle_rule": [],
            "logging": [],
            "object_lock_configuration": [],
            "policy": null,
            "region": "us-east-1",
            "replication_configuration": [],
            "request_payer": "BucketOwner",
            "server_side_encryption_configuration": [],
            "tags": {
              "Environment": "Dev",
              "Name": "My Demo bucket"
            },
            "versioning": [
              {
                "enabled": false,
                "mfa_delete": false
              }
            ],
            "website": [],
            "website_domain": null,
            "website_endpoint": null
          },
          "private": "bnVsbA=="
        }
      ]
    },
    {
      "mode": "managed",
      "type": "aws_security_group",
      "name": "instance",
      "provider": "provider[\"registry.terraform.io/hashicorp/aws\"]",
      "instances": [
        {
          "schema_version": 1,
          "attributes": {
            "arn": "arn:aws:ec2:us-east-1:658308013406:security-group/sg-055b78c2ac14a9832",
            "description": "Managed by Terraform",
            "egress": [
              {
                "cidr_blocks": [
                  "0.0.0.0/0"
                ],
                "description": "",
                "from_port": 0,
                "ipv6_cidr_blocks": [],
                "prefix_list_ids": [],
                "protocol": "-1",
                "security_groups": [],
                "self": false,
                "to_port": 0
              }
            ],
            "id": "sg-055b78c2ac14a9832",
            "ingress": [
              {
                "cidr_blocks": [
                  "0.0.0.0/0"
                ],
                "description": "",
                "from_port": 0,
                "ipv6_cidr_blocks": [],
                "prefix_list_ids": [],
                "protocol": "tcp",
                "security_groups": [],
                "self": false,
                "to_port": 8080
              }
            ],
            "name": "terraform-demo-instance",
            "name_prefix": "",
            "owner_id": "658308013406",
            "revoke_rules_on_delete": false,
            "tags": {},
            "timeouts": null,
            "vpc_id": "vpc-324aeb4b"
          },
          "private": "eyJlMmJmYjczMC1lY2FhLTExZTYtOGY4OC0zNDM2M2JjN2M0YzAiOnsiY3JlYXRlIjo2MDAwMDAwMDAwMDAsImRlbGV0ZSI6NjAwMDAwMDAwMDAwfSwic2NoZW1hX3ZlcnNpb24iOiIxIn0="
        }
      ]
    },
    {
      "mode": "managed",
      "type": "tls_private_key",
      "name": "mykey",
      "provider": "provider[\"registry.terraform.io/hashicorp/tls\"]",
      "instances": [
        {
          "schema_version": 0,
          "attributes": {
            "algorithm": "RSA",
            "ecdsa_curve": "P224",
            "id": "61e9aa0d158bd48c3f9ad74612a984a190c3f5d8",
            "private_key_pem": "-----BEGIN RSA PRIVATE KEY-----\nMIIJKgIBAAKCAgEAxQjSXtMAr2BzIv8px3enkFBPuf1Zd4VADWO/eCTVTqYTIzx2\n74aDMtw/ZkFphI4Im9x5NKJnLWiwThRU3GhKbINQLHR0mX++NkdAPtBsRC2xao39\nwLQEc+Q3yoSAR5l38Dbstz0CVRfdIfgtowzurT5gGJPZaXybvaSvIKaWToqdG0gV\njTBMFEkNeNFhxO+7IABdxDvmG/p46kqYxfHkD8ycLoWridLbBSqETFhsHTxX03NP\nDiEyYHZG+wcFtIN56nWZrscVrB/gbOC9A+mLgiY8C5QEZwMmkR/Rc9keslBZY2GH\n3YCTRSp4HYOMbGDIpBfjlj6p5Bd68JE5H44bqZdQRKtXpFkf1uYfiyQYJjd8vJ+c\nmq1Xjd8reIsofLxYBx3m1Zjt62trntOGFXynbfQ42M2LgxSXNTepWIyqyx4K6c/X\n9pBDfWxT05Q9H1H0ih4AD1xAYwv0GeLM6JTJgpcnDPWyeiBG9HFou6wbq/vTlBtN\nEFFH2pyw8MBwrWEDk5lZjV5LUirDvwD3o08lHLCV2Jk/WrOczmygScqVS5l3HSpp\nii+iaVLpQVAQrFiTQ48Rynz4LZXRr7Axc80K/v9NY1Y9J5kvmbZM0/FdsuAduy/e\nRKWpTCgqzZNl0XktehDlcZAZJQK+MygjpYtH3dZczZlE9T35PqbE+19lKOECAwEA\nAQKCAgEAlQMi9ovljL0I1oLbeftIQqA6a5LrQrUHyBiUCazxlVWMS63C1UuJlcF0\nQUVfI9y3LgkDsYbROUpfa+18cGR/RKnazIQWWrB9jlc8g0TlXHqiHs/cBQ0gAPWs\nLAEhcwTh7E3doIcHaItvte0XtqRlLahqzKukVV7j+fy+ZZcXPbcfMi7F/c10/DJz\nedgAdQxJHN6qC2qxkJ9RKv/XonxZ2okH5Tc6kDVjZvjMrWCCA2pLkaM3OpxomQNa\nkyawbeCxJ1xhKglunopNFIqy6G6MD5YS+z6qRa3gUQkbQt4FlR2nPL3aHu7Kchi4\nVrnSTXS0yUU33bzuh44qcB2kcfTrfXb+jXRZTO8iYqOf0VvHpysHs03N8s85g5HC\nC9CEWzhx57o6scg3xc8m6hQbH/QW+Qzw1TTq2Rnai4JnirZuVaA8HZT6wnchORmG\neUbolaqiW9e48aXq+Cu83ewNiresZhFOccDzRjfmfgL+6UqTIQr1QLXsg1XXYBPf\nbARgGnMqKZitepFp/quFHA3G0we82t1u3OFyxpXHxci9v5OtIFZMpWlW9UdlnRta\nSpnsQr+ptAY3iYEOJFhL+v9I6ZOLDEU6EC6ych5GoLWD6Sj1d52tPHwFLdOIaHdA\nS1ntKlFDPIKMHiBi3f8AU58BWREGfC9V/kua+lRKS0Hp9CVCxQECggEBAOjzxk2L\n8Tx56fszz8sBJA+tn1QUi16PVSX+LDHAyLkUSV0O+7+KXxTzkyXxF+lrMD9g/UPz\nzJbmp/dy6dEU66/0Fs3hfTC6pNLlwTabzlFKT5LEtBlOu6IZcrULnTwlzhrACn54\nLAXUu6anmEZ+gc1s6NzTKrLsckZx6swlKbRNNjnChBDNhmLOvyNJL6YTrsbGW4bX\n+WkQOn6BiGYiL27htlLNqPvQs01nezsv+d5QoHrUzJA5McCT+WsPQaqFF/SZqiml\n6VPeks7TkWtlRwAFuN9veD0989K59ld7nuqsJ6RzHVyIjtte6+Bo+Gp/Xuq6413h\nWAzOEK3f3g5MnVkCggEBANiHUd69/s74L176FedPJcJ/WqspL2hWSXuEyS9xhKKH\nJ4hYhboEyk2aG5yySUx1i+KIoqvzP2GtIsNzamJJbg3yzeDXwV0zmeGuRN9oWngP\nU6KddukhjdfIDOJJSSuwAm2Liqkd4YnXkhkiYlc7dwFuxPhes6EnIKEfBXBWgvna\nrm3e9U80CfCOLRN8fcqUVt2M07LFDZLJF/y6slgsg6KnxSVEvgbTu61qReejSq5s\nw8OKvM0I1igrU/5U6X3L4SGvS3b+vxVHHYa9V4e7zTBqg7kRYmWeYCpsIzChuGwD\n7SNo4jzGKquF8NIlsg23V3M8CAQDaQyzRTa+x3+gzskCggEBAIlDw5DEKjTBfa8I\nm6N6G56lZuHrbSgd+0V03OPAPkZYftY30v3NcjNtR0KvKrDe+UIPS40z5lTwuv6j\nFsWdtzcp9BoCiXsiL6cZvN0Jt+vMhtDr2VekPgnJRv8JRfBAMo8uo8Bb3UzeSmhs\nDt1TA/dg+mHMiDd//eImk/0Q1N8qNA6a4KjqAgrM2nHXWR1aMb1s+ledgZh3+I+8\nkfvknuCOXZmzF6SyGEU++a0pmul1xuo55AQDv55DU0/TYJUy8aeuuEbsPW2vFACN\nR/3pYonP1VzLWSV1EOwVqeNos36CTKWpMx7oVI1NBF5qXB6cyPg1gW47L1/0OH3M\nEROJ75kCggEBAMHqpsqqM3qeUKZpqJYojvOaZNQnJVr29AZYDGmd66A3FJOKW/EV\neyx2mMYD8Zs1JpsxrSX7ykaq7RhH0/3EL3j0e6ci8vyKSwUPsoS2C1e8ujVHeogd\nUc/vTIKYCZzDm9kJgJwms6dkVWaHIbVn/xNcZbDd91ebGCDUDGXoRJKJY2/onp9Z\nRpGWcw4hjvKPWSA/kBRpX9eWmxHvDevjqdxRDkFrSBgLJeiP5Z0m46pEpCoKpT2m\n7Uy6SRXca+QKZExrllUynmTq9KmIBsz7xy7WJbPnusyxQwSbJgTWwLiT55uvwfWV\nr/8/DEbYFZctHHeKSs91Um5aWuFFiJtno+kCggEAWTD5Ngqtc8NGfyYl2pWQilAT\ni9Ee09hs/0HDMg/CFg21+SEqidOao40DXpZd9B7+iz/g9LS3YjIMKikyYXj3E5NZ\nQxbz59PXEuVOJDEvqFmC1ArX5SLH375QQFsZ8NruRnwkUYkUuTSkkJzFzo5/47LV\nj7JI29v0Wga3a4WuyCBEqy9olsSOL/pBoy8+woMji+Y+1266AbduEpW/vs5vROFk\nfrbEUR90Q1MGhE/DGtGAikpNDVRGbb1seRxROerN7aOGUWPBv8F7Jx1NpKIT+DVc\n/7ay3G8Qg8fEyrhjmwZSY7pY8AZGqQqRnNv+ZDKCPPcdUE+Xoitum6P8Y6KU+A==\n-----END RSA PRIVATE KEY-----\n",
            "public_key_fingerprint_md5": "00:66:aa:ef:3a:3e:4e:00:dc:ee:2f:f5:36:55:4a:a8",
            "public_key_openssh": "ssh-rsa AAAAB3NzaC1yc2EAAAADAQABAAACAQDFCNJe0wCvYHMi/ynHd6eQUE+5/Vl3hUANY794JNVOphMjPHbvhoMy3D9mQWmEjgib3Hk0omctaLBOFFTcaEpsg1AsdHSZf742R0A+0GxELbFqjf3AtARz5DfKhIBHmXfwNuy3PQJVF90h+C2jDO6tPmAYk9lpfJu9pK8gppZOip0bSBWNMEwUSQ140WHE77sgAF3EO+Yb+njqSpjF8eQPzJwuhauJ0tsFKoRMWGwdPFfTc08OITJgdkb7BwW0g3nqdZmuxxWsH+Bs4L0D6YuCJjwLlARnAyaRH9Fz2R6yUFljYYfdgJNFKngdg4xsYMikF+OWPqnkF3rwkTkfjhupl1BEq1ekWR/W5h+LJBgmN3y8n5yarVeN3yt4iyh8vFgHHebVmO3ra2ue04YVfKdt9DjYzYuDFJc1N6lYjKrLHgrpz9f2kEN9bFPTlD0fUfSKHgAPXEBjC/QZ4szolMmClycM9bJ6IEb0cWi7rBur+9OUG00QUUfanLDwwHCtYQOTmVmNXktSKsO/APejTyUcsJXYmT9as5zObKBJypVLmXcdKmmKL6JpUulBUBCsWJNDjxHKfPgtldGvsDFzzQr+/01jVj0nmS+ZtkzT8V2y4B27L95EpalMKCrNk2XReS16EOVxkBklAr4zKCOli0fd1lzNmUT1Pfk+psT7X2Uo4Q==\n",
            "public_key_pem": "-----BEGIN PUBLIC KEY-----\nMIICIjANBgkqhkiG9w0BAQEFAAOCAg8AMIICCgKCAgEAxQjSXtMAr2BzIv8px3en\nkFBPuf1Zd4VADWO/eCTVTqYTIzx274aDMtw/ZkFphI4Im9x5NKJnLWiwThRU3GhK\nbINQLHR0mX++NkdAPtBsRC2xao39wLQEc+Q3yoSAR5l38Dbstz0CVRfdIfgtowzu\nrT5gGJPZaXybvaSvIKaWToqdG0gVjTBMFEkNeNFhxO+7IABdxDvmG/p46kqYxfHk\nD8ycLoWridLbBSqETFhsHTxX03NPDiEyYHZG+wcFtIN56nWZrscVrB/gbOC9A+mL\ngiY8C5QEZwMmkR/Rc9keslBZY2GH3YCTRSp4HYOMbGDIpBfjlj6p5Bd68JE5H44b\nqZdQRKtXpFkf1uYfiyQYJjd8vJ+cmq1Xjd8reIsofLxYBx3m1Zjt62trntOGFXyn\nbfQ42M2LgxSXNTepWIyqyx4K6c/X9pBDfWxT05Q9H1H0ih4AD1xAYwv0GeLM6JTJ\ngpcnDPWyeiBG9HFou6wbq/vTlBtNEFFH2pyw8MBwrWEDk5lZjV5LUirDvwD3o08l\nHLCV2Jk/WrOczmygScqVS5l3HSppii+iaVLpQVAQrFiTQ48Rynz4LZXRr7Axc80K\n/v9NY1Y9J5kvmbZM0/FdsuAduy/eRKWpTCgqzZNl0XktehDlcZAZJQK+MygjpYtH\n3dZczZlE9T35PqbE+19lKOECAwEAAQ==\n-----END PUBLIC KEY-----\n",
            "rsa_bits": 4096
          },
          "private": "bnVsbA=="
        }
      ]
    }
  ]
}
